<?xml version="1.0" encoding="utf-8"?>
<Project ToolsVersion="4.0" xmlns="http://schemas.microsoft.com/developer/msbuild/2003">
  <ItemGroup>
    <Filter Include="리소스 파일">
      <UniqueIdentifier>{67DA6AB6-F800-4c08-8B7A-83BB121AAD01}</UniqueIdentifier>
      <Extensions>rc;ico;cur;bmp;dlg;rc2;rct;bin;rgs;gif;jpg;jpeg;jpe;resx;tiff;tif;png;wav;mfcribbon-ms</Extensions>
    </Filter>
  </ItemGroup>
  <ItemGroup>
    <ClInclude Include="pch.h" />
    <ClInclude Include="Wnd.h" />
    <ClInclude Include="MainWnd.h" />
    <ClInclude Include="D2DCore.h" />
    <ClInclude Include="D2DBitmap.h" />
    <ClInclude Include="D2DWnd.h" />
  </ItemGroup>
  <ItemGroup>
    <ClCompile Include="pch.cpp" />
    <ClCompile Include="TetroClashX.cpp" />
    <ClCompile Include="Wnd.cpp" />
    <ClCompile Include="MainWnd.cpp" />
    <ClCompile Include="D2DCore.cpp" />
    <ClCompile Include="D2DBitmap.cpp" />
    <ClCompile Include="D2DWnd.cpp" />
  </ItemGroup>
</Project>